
Microsoft Visual Studio Solution File, Format Version 12.00
# Visual Studio 15
VisualStudioVersion = 15.0.28307.168
MinimumVisualStudioVersion = 10.0.40219.1
Project("{FAE04EC0-301F-11D3-BF4B-00C04F79EFBC}") = "ExtensionMethods", "ExtensionMethods\ExtensionMethods.csproj", "{76BD04A5-FA79-4465-92D9-3603585B95F1}"
EndProject
Global
	GlobalSection(SolutionConfigurationPlatforms) = preSolution
		Debug|Any CPU = Debug|Any CPU
		Release|Any CPU = Release|Any CPU
	EndGlobalSection
	GlobalSection(ProjectConfigurationPlatforms) = postSolution
		{76BD04A5-FA79-4465-92D9-3603585B95F1}.Debug|Any CPU.ActiveCfg = Debug|Any CPU
		{76BD04A5-FA79-4465-92D9-3603585B95F1}.Debug|Any CPU.Build.0 = Debug|Any CPU
		{76BD04A5-FA79-4465-92D9-3603585B95F1}.Release|Any CPU.ActiveCfg = Release|Any CPU
		{76BD04A5-FA79-4465-92D9-3603585B95F1}.Release|Any CPU.Build.0 = Release|Any CPU
	EndGlobalSection
	GlobalSection(SolutionProperties) = preSolution
		HideSolutionNode = FALSE
	EndGlobalSection
	GlobalSection(ExtensibilityGlobals) = postSolution
		SolutionGuid = {3447F0F2-B5E9-4462-BFF6-6B1045AC8C84}
	EndGlobalSection
EndGlobal
